
Microsoft Visual Studio Solution File, Format Version 12.00
# Visual Studio 14
VisualStudioVersion = 14.0.25420.1
MinimumVisualStudioVersion = 10.0.40219.1
Project("{FAE04EC0-301F-11D3-BF4B-00C04F79EFBC}") = "PZ3-NetworkService", "PZ3-NetworkService\PZ3-NetworkService.csproj", "{B609971E-E731-478C-86CA-1B26133CE4A9}"
EndProject
Project("{FAE04EC0-301F-11D3-BF4B-00C04F79EFBC}") = "DragDrop", "DragDrop\DragDrop.csproj", "{39D313FE-BA2C-4569-A5DD-8A294B360B58}"
EndProject
Global
	GlobalSection(SolutionConfigurationPlatforms) = preSolution
		Debug|Any CPU = Debug|Any CPU
		Release|Any CPU = Release|Any CPU
	EndGlobalSection
	GlobalSection(ProjectConfigurationPlatforms) = postSolution
		{B609971E-E731-478C-86CA-1B26133CE4A9}.Debug|Any CPU.ActiveCfg = Debug|Any CPU
		{B609971E-E731-478C-86CA-1B26133CE4A9}.Debug|Any CPU.Build.0 = Debug|Any CPU
		{B609971E-E731-478C-86CA-1B26133CE4A9}.Release|Any CPU.ActiveCfg = Release|Any CPU
		{B609971E-E731-478C-86CA-1B26133CE4A9}.Release|Any CPU.Build.0 = Release|Any CPU
		{39D313FE-BA2C-4569-A5DD-8A294B360B58}.Debug|Any CPU.ActiveCfg = Debug|Any CPU
		{39D313FE-BA2C-4569-A5DD-8A294B360B58}.Debug|Any CPU.Build.0 = Debug|Any CPU
		{39D313FE-BA2C-4569-A5DD-8A294B360B58}.Release|Any CPU.ActiveCfg = Release|Any CPU
		{39D313FE-BA2C-4569-A5DD-8A294B360B58}.Release|Any CPU.Build.0 = Release|Any CPU
	EndGlobalSection
	GlobalSection(SolutionProperties) = preSolution
		HideSolutionNode = FALSE
	EndGlobalSection
	GlobalSection(ExtensibilityGlobals) = postSolution
		SolutionGuid = {13DE3676-50AF-4445-B1ED-2A4BB2410267}
	EndGlobalSection
EndGlobal
